// !$*UTF8*$!
{
	archiveVersion = 1;
	classes = {
	};
	objectVersion = 48;
	objects = {

/* Begin PBXBuildFile section */
		453587432028F2D6005A5380 /* MovieCell.swift in Sources */ = {isa = PBXBuildFile; fileRef = 453587422028F2D6005A5380 /* MovieCell.swift */; };
		4559874B20214E860042C5F0 /* AppDelegate.swift in Sources */ = {isa = PBXBuildFile; fileRef = 4559874A20214E860042C5F0 /* AppDelegate.swift */; };
		4559875020214E860042C5F0 /* Main.storyboard in Resources */ = {isa = PBXBuildFile; fileRef = 4559874E20214E860042C5F0 /* Main.storyboard */; };
		4559875220214E860042C5F0 /* Assets.xcassets in Resources */ = {isa = PBXBuildFile; fileRef = 4559875120214E860042C5F0 /* Assets.xcassets */; };
		4559875520214E860042C5F0 /* LaunchScreen.storyboard in Resources */ = {isa = PBXBuildFile; fileRef = 4559875320214E860042C5F0 /* LaunchScreen.storyboard */; };
		4559876020214E870042C5F0 /* FlixTests.swift in Sources */ = {isa = PBXBuildFile; fileRef = 4559875F20214E870042C5F0 /* FlixTests.swift */; };
		4559876B20214E870042C5F0 /* FlixUITests.swift in Sources */ = {isa = PBXBuildFile; fileRef = 4559876A20214E870042C5F0 /* FlixUITests.swift */; };
		4568F42B2028CF91009B5500 /* NowPlayingViewController.swift in Sources */ = {isa = PBXBuildFile; fileRef = 4568F42A2028CF91009B5500 /* NowPlayingViewController.swift */; };
		456BD028202E155C00DFFED1 /* DetailViewController.swift in Sources */ = {isa = PBXBuildFile; fileRef = 456BD027202E155C00DFFED1 /* DetailViewController.swift */; };
		456BD02A2032054100DFFED1 /* PosterCell.swift in Sources */ = {isa = PBXBuildFile; fileRef = 456BD0292032054100DFFED1 /* PosterCell.swift */; };
		456BD02C2032059700DFFED1 /* SuperheroViewController.swift in Sources */ = {isa = PBXBuildFile; fileRef = 456BD02B2032059700DFFED1 /* SuperheroViewController.swift */; };
		45E44B352032B1B700D7FF55 /* TrailerViewController.swift in Sources */ = {isa = PBXBuildFile; fileRef = 45E44B342032B1B700D7FF55 /* TrailerViewController.swift */; };
		52A9947AFF73DC4A9EEFD161 /* Pods_FlixUITests.framework in Frameworks */ = {isa = PBXBuildFile; fileRef = EE24E1F88FF12A1A71005F3D /* Pods_FlixUITests.framework */; };
		5BBEA6F51CAE5FCEF96A6AE9 /* Pods_FlixTests.framework in Frameworks */ = {isa = PBXBuildFile; fileRef = ACF2180A7E883D94F3CFF071 /* Pods_FlixTests.framework */; };
		AE7D8631DA3693BB6A501703 /* Pods_Flix.framework in Frameworks */ = {isa = PBXBuildFile; fileRef = 0504130BEA740CA5B0C638AF /* Pods_Flix.framework */; };
/* End PBXBuildFile section */

/* Begin PBXContainerItemProxy section */
		4559875C20214E870042C5F0 /* PBXContainerItemProxy */ = {
			isa = PBXContainerItemProxy;
			containerPortal = 4559873F20214E860042C5F0 /* Project object */;
			proxyType = 1;
			remoteGlobalIDString = 4559874620214E860042C5F0;
			remoteInfo = Flix;
		};
		4559876720214E870042C5F0 /* PBXContainerItemProxy */ = {
			isa = PBXContainerItemProxy;
			containerPortal = 4559873F20214E860042C5F0 /* Project object */;
			proxyType = 1;
			remoteGlobalIDString = 4559874620214E860042C5F0;
			remoteInfo = Flix;
		};
/* End PBXContainerItemProxy section */

/* Begin PBXFileReference section */
		0504130BEA740CA5B0C638AF /* Pods_Flix.framework */ = {isa = PBXFileReference; explicitFileType = wrapper.framework; includeInIndex = 0; path = Pods_Flix.framework; sourceTree = BUILT_PRODUCTS_DIR; };
		08A5671CF557293923015484 /* Pods-FlixTests.release.xcconfig */ = {isa = PBXFileReference; includeInIndex = 1; lastKnownFileType = text.xcconfig; name = "Pods-FlixTests.release.xcconfig"; path = "Pods/Target Support Files/Pods-FlixTests/Pods-FlixTests.release.xcconfig"; sourceTree = "<group>"; };
		1CCE1444C63A9444FB3173AB /* Pods-Flix.debug.xcconfig */ = {isa = PBXFileReference; includeInIndex = 1; lastKnownFileType = text.xcconfig; name = "Pods-Flix.debug.xcconfig"; path = "Pods/Target Support Files/Pods-Flix/Pods-Flix.debug.xcconfig"; sourceTree = "<group>"; };
		3DB7944C23CBE750A667738C /* Pods-Flix.release.xcconfig */ = {isa = PBXFileReference; includeInIndex = 1; lastKnownFileType = text.xcconfig; name = "Pods-Flix.release.xcconfig"; path = "Pods/Target Support Files/Pods-Flix/Pods-Flix.release.xcconfig"; sourceTree = "<group>"; };
		453587422028F2D6005A5380 /* MovieCell.swift */ = {isa = PBXFileReference; lastKnownFileType = sourcecode.swift; path = MovieCell.swift; sourceTree = "<group>"; };
		4559874720214E860042C5F0 /* Flix.app */ = {isa = PBXFileReference; explicitFileType = wrapper.application; includeInIndex = 0; path = Flix.app; sourceTree = BUILT_PRODUCTS_DIR; };
		4559874A20214E860042C5F0 /* AppDelegate.swift */ = {isa = PBXFileReference; lastKnownFileType = sourcecode.swift; path = AppDelegate.swift; sourceTree = "<group>"; };
		4559874F20214E860042C5F0 /* Base */ = {isa = PBXFileReference; lastKnownFileType = file.storyboard; name = Base; path = Base.lproj/Main.storyboard; sourceTree = "<group>"; };
		4559875120214E860042C5F0 /* Assets.xcassets */ = {isa = PBXFileReference; lastKnownFileType = folder.assetcatalog; path = Assets.xcassets; sourceTree = "<group>"; };
		4559875420214E860042C5F0 /* Base */ = {isa = PBXFileReference; lastKnownFileType = file.storyboard; name = Base; path = Base.lproj/LaunchScreen.storyboard; sourceTree = "<group>"; };
		4559875620214E860042C5F0 /* Info.plist */ = {isa = PBXFileReference; lastKnownFileType = text.plist.xml; path = Info.plist; sourceTree = "<group>"; };
		4559875B20214E870042C5F0 /* FlixTests.xctest */ = {isa = PBXFileReference; explicitFileType = wrapper.cfbundle; includeInIndex = 0; path = FlixTests.xctest; sourceTree = BUILT_PRODUCTS_DIR; };
		4559875F20214E870042C5F0 /* FlixTests.swift */ = {isa = PBXFileReference; lastKnownFileType = sourcecode.swift; path = FlixTests.swift; sourceTree = "<group>"; };
		4559876120214E870042C5F0 /* Info.plist */ = {isa = PBXFileReference; lastKnownFileType = text.plist.xml; path = Info.plist; sourceTree = "<group>"; };
		4559876620214E870042C5F0 /* FlixUITests.xctest */ = {isa = PBXFileReference; explicitFileType = wrapper.cfbundle; includeInIndex = 0; path = FlixUITests.xctest; sourceTree = BUILT_PRODUCTS_DIR; };
		4559876A20214E870042C5F0 /* FlixUITests.swift */ = {isa = PBXFileReference; lastKnownFileType = sourcecode.swift; path = FlixUITests.swift; sourceTree = "<group>"; };
		4559876C20214E870042C5F0 /* Info.plist */ = {isa = PBXFileReference; lastKnownFileType = text.plist.xml; path = Info.plist; sourceTree = "<group>"; };
		4568F42A2028CF91009B5500 /* NowPlayingViewController.swift */ = {isa = PBXFileReference; lastKnownFileType = sourcecode.swift; path = NowPlayingViewController.swift; sourceTree = "<group>"; };
		456BD027202E155C00DFFED1 /* DetailViewController.swift */ = {isa = PBXFileReference; lastKnownFileType = sourcecode.swift; path = DetailViewController.swift; sourceTree = "<group>"; };
		456BD0292032054100DFFED1 /* PosterCell.swift */ = {isa = PBXFileReference; lastKnownFileType = sourcecode.swift; path = PosterCell.swift; sourceTree = "<group>"; };
		456BD02B2032059700DFFED1 /* SuperheroViewController.swift */ = {isa = PBXFileReference; lastKnownFileType = sourcecode.swift; path = SuperheroViewController.swift; sourceTree = "<group>"; };
		45E44B342032B1B700D7FF55 /* TrailerViewController.swift */ = {isa = PBXFileReference; lastKnownFileType = sourcecode.swift; path = TrailerViewController.swift; sourceTree = "<group>"; };
		6DFFD6477A1194812A6F7CE3 /* Pods-FlixUITests.debug.xcconfig */ = {isa = PBXFileReference; includeInIndex = 1; lastKnownFileType = text.xcconfig; name = "Pods-FlixUITests.debug.xcconfig"; path = "Pods/Target Support Files/Pods-FlixUITests/Pods-FlixUITests.debug.xcconfig"; sourceTree = "<group>"; };
		ACF2180A7E883D94F3CFF071 /* Pods_FlixTests.framework */ = {isa = PBXFileReference; explicitFileType = wrapper.framework; includeInIndex = 0; path = Pods_FlixTests.framework; sourceTree = BUILT_PRODUCTS_DIR; };
		B3262B775D6FB03454FCDBCD /* Pods-FlixUITests.release.xcconfig */ = {isa = PBXFileReference; includeInIndex = 1; lastKnownFileType = text.xcconfig; name = "Pods-FlixUITests.release.xcconfig"; path = "Pods/Target Support Files/Pods-FlixUITests/Pods-FlixUITests.release.xcconfig"; sourceTree = "<group>"; };
		EE24E1F88FF12A1A71005F3D /* Pods_FlixUITests.framework */ = {isa = PBXFileReference; explicitFileType = wrapper.framework; includeInIndex = 0; path = Pods_FlixUITests.framework; sourceTree = BUILT_PRODUCTS_DIR; };
		F572E902B23FD2D936B7D60D /* Pods-FlixTests.debug.xcconfig */ = {isa = PBXFileReference; includeInIndex = 1; lastKnownFileType = text.xcconfig; name = "Pods-FlixTests.debug.xcconfig"; path = "Pods/Target Support Files/Pods-FlixTests/Pods-FlixTests.debug.xcconfig"; sourceTree = "<group>"; };
/* End PBXFileReference section */

/* Begin PBXFrameworksBuildPhase section */
		4559874420214E860042C5F0 /* Frameworks */ = {
			isa = PBXFrameworksBuildPhase;
			buildActionMask = 2147483647;
			files = (
				AE7D8631DA3693BB6A501703 /* Pods_Flix.framework in Frameworks */,
			);
			runOnlyForDeploymentPostprocessing = 0;
		};
		4559875820214E870042C5F0 /* Frameworks */ = {
			isa = PBXFrameworksBuildPhase;
			buildActionMask = 2147483647;
			files = (
				5BBEA6F51CAE5FCEF96A6AE9 /* Pods_FlixTests.framework in Frameworks */,
			);
			runOnlyForDeploymentPostprocessing = 0;
		};
		4559876320214E870042C5F0 /* Frameworks */ = {
			isa = PBXFrameworksBuildPhase;
			buildActionMask = 2147483647;
			files = (
				52A9947AFF73DC4A9EEFD161 /* Pods_FlixUITests.framework in Frameworks */,
			);
			runOnlyForDeploymentPostprocessing = 0;
		};
/* End PBXFrameworksBuildPhase section */

/* Begin PBXGroup section */
		02A3BB28E5C9283034052882 /* Frameworks */ = {
			isa = PBXGroup;
			children = (
				0504130BEA740CA5B0C638AF /* Pods_Flix.framework */,
				ACF2180A7E883D94F3CFF071 /* Pods_FlixTests.framework */,
				EE24E1F88FF12A1A71005F3D /* Pods_FlixUITests.framework */,
			);
			name = Frameworks;
			sourceTree = "<group>";
		};
		4559873E20214E860042C5F0 = {
			isa = PBXGroup;
			children = (
				4559874920214E860042C5F0 /* Flix */,
				4559875E20214E870042C5F0 /* FlixTests */,
				4559876920214E870042C5F0 /* FlixUITests */,
				4559874820214E860042C5F0 /* Products */,
				455B52E5C708B0F778D5C1C1 /* Pods */,
				02A3BB28E5C9283034052882 /* Frameworks */,
			);
			sourceTree = "<group>";
		};
		4559874820214E860042C5F0 /* Products */ = {
			isa = PBXGroup;
			children = (
				4559874720214E860042C5F0 /* Flix.app */,
				4559875B20214E870042C5F0 /* FlixTests.xctest */,
				4559876620214E870042C5F0 /* FlixUITests.xctest */,
			);
			name = Products;
			sourceTree = "<group>";
		};
		4559874920214E860042C5F0 /* Flix */ = {
			isa = PBXGroup;
			children = (
				456BD026202E151600DFFED1 /* Views */,
				456BD025202E14FD00DFFED1 /* View Controllers */,
				4559874A20214E860042C5F0 /* AppDelegate.swift */,
				4559874E20214E860042C5F0 /* Main.storyboard */,
				4559875120214E860042C5F0 /* Assets.xcassets */,
				4559875320214E860042C5F0 /* LaunchScreen.storyboard */,
				4559875620214E860042C5F0 /* Info.plist */,
			);
			path = Flix;
			sourceTree = "<group>";
		};
		4559875E20214E870042C5F0 /* FlixTests */ = {
			isa = PBXGroup;
			children = (
				4559875F20214E870042C5F0 /* FlixTests.swift */,
				4559876120214E870042C5F0 /* Info.plist */,
			);
			path = FlixTests;
			sourceTree = "<group>";
		};
		4559876920214E870042C5F0 /* FlixUITests */ = {
			isa = PBXGroup;
			children = (
				4559876A20214E870042C5F0 /* FlixUITests.swift */,
				4559876C20214E870042C5F0 /* Info.plist */,
			);
			path = FlixUITests;
			sourceTree = "<group>";
		};
		455B52E5C708B0F778D5C1C1 /* Pods */ = {
			isa = PBXGroup;
			children = (
				1CCE1444C63A9444FB3173AB /* Pods-Flix.debug.xcconfig */,
				3DB7944C23CBE750A667738C /* Pods-Flix.release.xcconfig */,
				F572E902B23FD2D936B7D60D /* Pods-FlixTests.debug.xcconfig */,
				08A5671CF557293923015484 /* Pods-FlixTests.release.xcconfig */,
				6DFFD6477A1194812A6F7CE3 /* Pods-FlixUITests.debug.xcconfig */,
				B3262B775D6FB03454FCDBCD /* Pods-FlixUITests.release.xcconfig */,
			);
			name = Pods;
			sourceTree = "<group>";
		};
		456BD025202E14FD00DFFED1 /* View Controllers */ = {
			isa = PBXGroup;
			children = (
				4568F42A2028CF91009B5500 /* NowPlayingViewController.swift */,
				456BD027202E155C00DFFED1 /* DetailViewController.swift */,
				456BD02B2032059700DFFED1 /* SuperheroViewController.swift */,
				45E44B342032B1B700D7FF55 /* TrailerViewController.swift */,
			);
			path = "View Controllers";
			sourceTree = "<group>";
		};
		456BD026202E151600DFFED1 /* Views */ = {
			isa = PBXGroup;
			children = (
				453587422028F2D6005A5380 /* MovieCell.swift */,
				456BD0292032054100DFFED1 /* PosterCell.swift */,
			);
			path = Views;
			sourceTree = "<group>";
		};
/* End PBXGroup section */

/* Begin PBXNativeTarget section */
		4559874620214E860042C5F0 /* Flix */ = {
			isa = PBXNativeTarget;
			buildConfigurationList = 4559876F20214E870042C5F0 /* Build configuration list for PBXNativeTarget "Flix" */;
			buildPhases = (
				B9BD44E2A55FC63B75DC5B8B /* [CP] Check Pods Manifest.lock */,
				4559874320214E860042C5F0 /* Sources */,
				4559874420214E860042C5F0 /* Frameworks */,
				4559874520214E860042C5F0 /* Resources */,
				F315FEF02582DC10BA31A44C /* [CP] Embed Pods Frameworks */,
				F80F928A68CD82A95509F11B /* [CP] Copy Pods Resources */,
			);
			buildRules = (
			);
			dependencies = (
			);
			name = Flix;
			productName = Flix;
			productReference = 4559874720214E860042C5F0 /* Flix.app */;
			productType = "com.apple.product-type.application";
		};
		4559875A20214E870042C5F0 /* FlixTests */ = {
			isa = PBXNativeTarget;
			buildConfigurationList = 4559877220214E870042C5F0 /* Build configuration list for PBXNativeTarget "FlixTests" */;
			buildPhases = (
				D255D0F0260461652518B4B5 /* [CP] Check Pods Manifest.lock */,
				4559875720214E870042C5F0 /* Sources */,
				4559875820214E870042C5F0 /* Frameworks */,
				4559875920214E870042C5F0 /* Resources */,
				BC1963CB4FE70933FD41EC10 /* [CP] Embed Pods Frameworks */,
				A24207D84D1B0CAE08C10997 /* [CP] Copy Pods Resources */,
			);
			buildRules = (
			);
			dependencies = (
				4559875D20214E870042C5F0 /* PBXTargetDependency */,
			);
			name = FlixTests;
			productName = FlixTests;
			productReference = 4559875B20214E870042C5F0 /* FlixTests.xctest */;
			productType = "com.apple.product-type.bundle.unit-test";
		};
		4559876520214E870042C5F0 /* FlixUITests */ = {
			isa = PBXNativeTarget;
			buildConfigurationList = 4559877520214E870042C5F0 /* Build configuration list for PBXNativeTarget "FlixUITests" */;
			buildPhases = (
				B27367CB0E08BA6798DE1E95 /* [CP] Check Pods Manifest.lock */,
				4559876220214E870042C5F0 /* Sources */,
				4559876320214E870042C5F0 /* Frameworks */,
				4559876420214E870042C5F0 /* Resources */,
				6FB5BE50D0095D817281ED4D /* [CP] Embed Pods Frameworks */,
				C95CD2481FEC381CDFFABCCD /* [CP] Copy Pods Resources */,
			);
			buildRules = (
			);
			dependencies = (
				4559876820214E870042C5F0 /* PBXTargetDependency */,
			);
			name = FlixUITests;
			productName = FlixUITests;
			productReference = 4559876620214E870042C5F0 /* FlixUITests.xctest */;
			productType = "com.apple.product-type.bundle.ui-testing";
		};
/* End PBXNativeTarget section */

/* Begin PBXProject section */
		4559873F20214E860042C5F0 /* Project object */ = {
			isa = PBXProject;
			attributes = {
				LastSwiftUpdateCheck = 0920;
				LastUpgradeCheck = 0920;
				ORGANIZATIONNAME = "Ruben A Gonzalez";
				TargetAttributes = {
					4559874620214E860042C5F0 = {
						CreatedOnToolsVersion = 9.2;
						ProvisioningStyle = Automatic;
					};
					4559875A20214E870042C5F0 = {
						CreatedOnToolsVersion = 9.2;
						ProvisioningStyle = Automatic;
						TestTargetID = 4559874620214E860042C5F0;
					};
					4559876520214E870042C5F0 = {
						CreatedOnToolsVersion = 9.2;
						ProvisioningStyle = Automatic;
						TestTargetID = 4559874620214E860042C5F0;
					};
				};
			};
			buildConfigurationList = 4559874220214E860042C5F0 /* Build configuration list for PBXProject "Flix" */;
			compatibilityVersion = "Xcode 8.0";
			developmentRegion = en;
			hasScannedForEncodings = 0;
			knownRegions = (
				en,
				Base,
			);
			mainGroup = 4559873E20214E860042C5F0;
			productRefGroup = 4559874820214E860042C5F0 /* Products */;
			projectDirPath = "";
			projectRoot = "";
			targets = (
				4559874620214E860042C5F0 /* Flix */,
				4559875A20214E870042C5F0 /* FlixTests */,
				4559876520214E870042C5F0 /* FlixUITests */,
			);
		};
/* End PBXProject section */

/* Begin PBXResourcesBuildPhase section */
		4559874520214E860042C5F0 /* Resources */ = {
			isa = PBXResourcesBuildPhase;
			buildActionMask = 2147483647;
			files = (
				4559875520214E860042C5F0 /* LaunchScreen.storyboard in Resources */,
				4559875220214E860042C5F0 /* Assets.xcassets in Resources */,
				4559875020214E860042C5F0 /* Main.storyboard in Resources */,
			);
			runOnlyForDeploymentPostprocessing = 0;
		};
		4559875920214E870042C5F0 /* Resources */ = {
			isa = PBXResourcesBuildPhase;
			buildActionMask = 2147483647;
			files = (
			);
			runOnlyForDeploymentPostprocessing = 0;
		};
		4559876420214E870042C5F0 /* Resources */ = {
			isa = PBXResourcesBuildPhase;
			buildActionMask = 2147483647;
			files = (
			);
			runOnlyForDeploymentPostprocessing = 0;
		};
/* End PBXResourcesBuildPhase section */

/* Begin PBXShellScriptBuildPhase section */
		6FB5BE50D0095D817281ED4D /* [CP] Embed Pods Frameworks */ = {
			isa = PBXShellScriptBuildPhase;
			buildActionMask = 2147483647;
			files = (
			);
			inputPaths = (
			);
			name = "[CP] Embed Pods Frameworks";
			outputPaths = (
			);
			runOnlyForDeploymentPostprocessing = 0;
			shellPath = /bin/sh;
			shellScript = "\"${SRCROOT}/Pods/Target Support Files/Pods-FlixUITests/Pods-FlixUITests-frameworks.sh\"\n";
			showEnvVarsInLog = 0;
		};
		A24207D84D1B0CAE08C10997 /* [CP] Copy Pods Resources */ = {
			isa = PBXShellScriptBuildPhase;
			buildActionMask = 2147483647;
			files = (
			);
			inputPaths = (
			);
			name = "[CP] Copy Pods Resources";
			outputPaths = (
			);
			runOnlyForDeploymentPostprocessing = 0;
			shellPath = /bin/sh;
			shellScript = "\"${SRCROOT}/Pods/Target Support Files/Pods-FlixTests/Pods-FlixTests-resources.sh\"\n";
			showEnvVarsInLog = 0;
		};
		B27367CB0E08BA6798DE1E95 /* [CP] Check Pods Manifest.lock */ = {
			isa = PBXShellScriptBuildPhase;
			buildActionMask = 2147483647;
			files = (
			);
			inputPaths = (
				"${PODS_PODFILE_DIR_PATH}/Podfile.lock",
				"${PODS_ROOT}/Manifest.lock",
			);
			name = "[CP] Check Pods Manifest.lock";
			outputPaths = (
				"$(DERIVED_FILE_DIR)/Pods-FlixUITests-checkManifestLockResult.txt",
			);
			runOnlyForDeploymentPostprocessing = 0;
			shellPath = /bin/sh;
			shellScript = "diff \"${PODS_PODFILE_DIR_PATH}/Podfile.lock\" \"${PODS_ROOT}/Manifest.lock\" > /dev/null\nif [ $? != 0 ] ; then\n    # print error to STDERR\n    echo \"error: The sandbox is not in sync with the Podfile.lock. Run 'pod install' or update your CocoaPods installation.\" >&2\n    exit 1\nfi\n# This output is used by Xcode 'outputs' to avoid re-running this script phase.\necho \"SUCCESS\" > \"${SCRIPT_OUTPUT_FILE_0}\"\n";
			showEnvVarsInLog = 0;
		};
		B9BD44E2A55FC63B75DC5B8B /* [CP] Check Pods Manifest.lock */ = {
			isa = PBXShellScriptBuildPhase;
			buildActionMask = 2147483647;
			files = (
			);
			inputPaths = (
				"${PODS_PODFILE_DIR_PATH}/Podfile.lock",
				"${PODS_ROOT}/Manifest.lock",
			);
			name = "[CP] Check Pods Manifest.lock";
			outputPaths = (
				"$(DERIVED_FILE_DIR)/Pods-Flix-checkManifestLockResult.txt",
			);
			runOnlyForDeploymentPostprocessing = 0;
			shellPath = /bin/sh;
			shellScript = "diff \"${PODS_PODFILE_DIR_PATH}/Podfile.lock\" \"${PODS_ROOT}/Manifest.lock\" > /dev/null\nif [ $? != 0 ] ; then\n    # print error to STDERR\n    echo \"error: The sandbox is not in sync with the Podfile.lock. Run 'pod install' or update your CocoaPods installation.\" >&2\n    exit 1\nfi\n# This output is used by Xcode 'outputs' to avoid re-running this script phase.\necho \"SUCCESS\" > \"${SCRIPT_OUTPUT_FILE_0}\"\n";
			showEnvVarsInLog = 0;
		};
		BC1963CB4FE70933FD41EC10 /* [CP] Embed Pods Frameworks */ = {
			isa = PBXShellScriptBuildPhase;
			buildActionMask = 2147483647;
			files = (
			);
			inputPaths = (
			);
			name = "[CP] Embed Pods Frameworks";
			outputPaths = (
			);
			runOnlyForDeploymentPostprocessing = 0;
			shellPath = /bin/sh;
			shellScript = "\"${SRCROOT}/Pods/Target Support Files/Pods-FlixTests/Pods-FlixTests-frameworks.sh\"\n";
			showEnvVarsInLog = 0;
		};
		C95CD2481FEC381CDFFABCCD /* [CP] Copy Pods Resources */ = {
			isa = PBXShellScriptBuildPhase;
			buildActionMask = 2147483647;
			files = (
			);
			inputPaths = (
			);
			name = "[CP] Copy Pods Resources";
			outputPaths = (
			);
			runOnlyForDeploymentPostprocessing = 0;
			shellPath = /bin/sh;
			shellScript = "\"${SRCROOT}/Pods/Target Support Files/Pods-FlixUITests/Pods-FlixUITests-resources.sh\"\n";
			showEnvVarsInLog = 0;
		};
		D255D0F0260461652518B4B5 /* [CP] Check Pods Manifest.lock */ = {
			isa = PBXShellScriptBuildPhase;
			buildActionMask = 2147483647;
			files = (
			);
			inputPaths = (
				"${PODS_PODFILE_DIR_PATH}/Podfile.lock",
				"${PODS_ROOT}/Manifest.lock",
			);
			name = "[CP] Check Pods Manifest.lock";
			outputPaths = (
				"$(DERIVED_FILE_DIR)/Pods-FlixTests-checkManifestLockResult.txt",
			);
			runOnlyForDeploymentPostprocessing = 0;
			shellPath = /bin/sh;
			shellScript = "diff \"${PODS_PODFILE_DIR_PATH}/Podfile.lock\" \"${PODS_ROOT}/Manifest.lock\" > /dev/null\nif [ $? != 0 ] ; then\n    # print error to STDERR\n    echo \"error: The sandbox is not in sync with the Podfile.lock. Run 'pod install' or update your CocoaPods installation.\" >&2\n    exit 1\nfi\n# This output is used by Xcode 'outputs' to avoid re-running this script phase.\necho \"SUCCESS\" > \"${SCRIPT_OUTPUT_FILE_0}\"\n";
			showEnvVarsInLog = 0;
		};
		F315FEF02582DC10BA31A44C /* [CP] Embed Pods Frameworks */ = {
			isa = PBXShellScriptBuildPhase;
			buildActionMask = 2147483647;
			files = (
			);
			inputPaths = (
				"${SRCROOT}/Pods/Target Support Files/Pods-Flix/Pods-Flix-frameworks.sh",
				"${BUILT_PRODUCTS_DIR}/Alamofire/Alamofire.framework",
				"${BUILT_PRODUCTS_DIR}/AlamofireImage/AlamofireImage.framework",
				"${BUILT_PRODUCTS_DIR}/PKHUD/PKHUD.framework",
			);
			name = "[CP] Embed Pods Frameworks";
			outputPaths = (
				"${TARGET_BUILD_DIR}/${FRAMEWORKS_FOLDER_PATH}/Alamofire.framework",
				"${TARGET_BUILD_DIR}/${FRAMEWORKS_FOLDER_PATH}/AlamofireImage.framework",
				"${TARGET_BUILD_DIR}/${FRAMEWORKS_FOLDER_PATH}/PKHUD.framework",
			);
			runOnlyForDeploymentPostprocessing = 0;
			shellPath = /bin/sh;
			shellScript = "\"${SRCROOT}/Pods/Target Support Files/Pods-Flix/Pods-Flix-frameworks.sh\"\n";
			showEnvVarsInLog = 0;
		};
		F80F928A68CD82A95509F11B /* [CP] Copy Pods Resources */ = {
			isa = PBXShellScriptBuildPhase;
			buildActionMask = 2147483647;
			files = (
			);
			inputPaths = (
			);
			name = "[CP] Copy Pods Resources";
			outputPaths = (
			);
			runOnlyForDeploymentPostprocessing = 0;
			shellPath = /bin/sh;
			shellScript = "\"${SRCROOT}/Pods/Target Support Files/Pods-Flix/Pods-Flix-resources.sh\"\n";
			showEnvVarsInLog = 0;
		};
/* End PBXShellScriptBuildPhase section */

/* Begin PBXSourcesBuildPhase section */
		4559874320214E860042C5F0 /* Sources */ = {
			isa = PBXSourcesBuildPhase;
			buildActionMask = 2147483647;
			files = (
				4568F42B2028CF91009B5500 /* NowPlayingViewController.swift in Sources */,
				456BD02A2032054100DFFED1 /* PosterCell.swift in Sources */,
				45E44B352032B1B700D7FF55 /* TrailerViewController.swift in Sources */,
				456BD02C2032059700DFFED1 /* SuperheroViewController.swift in Sources */,
				4559874B20214E860042C5F0 /* AppDelegate.swift in Sources */,
				453587432028F2D6005A5380 /* MovieCell.swift in Sources */,
				456BD028202E155C00DFFED1 /* DetailViewController.swift in Sources */,
			);
			runOnlyForDeploymentPostprocessing = 0;
		};
		4559875720214E870042C5F0 /* Sources */ = {
			isa = PBXSourcesBuildPhase;
			buildActionMask = 2147483647;
			files = (
				4559876020214E870042C5F0 /* FlixTests.swift in Sources */,
			);
			runOnlyForDeploymentPostprocessing = 0;
		};
		4559876220214E870042C5F0 /* Sources */ = {
			isa = PBXSourcesBuildPhase;
			buildActionMask = 2147483647;
			files = (
				4559876B20214E870042C5F0 /* FlixUITests.swift in Sources */,
			);
			runOnlyForDeploymentPostprocessing = 0;
		};
/* End PBXSourcesBuildPhase section */

/* Begin PBXTargetDependency section */
		4559875D20214E870042C5F0 /* PBXTargetDependency */ = {
			isa = PBXTargetDependency;
			target = 4559874620214E860042C5F0 /* Flix */;
			targetProxy = 4559875C20214E870042C5F0 /* PBXContainerItemProxy */;
		};
		4559876820214E870042C5F0 /* PBXTargetDependency */ = {
			isa = PBXTargetDependency;
			target = 4559874620214E860042C5F0 /* Flix */;
			targetProxy = 4559876720214E870042C5F0 /* PBXContainerItemProxy */;
		};
/* End PBXTargetDependency section */

/* Begin PBXVariantGroup section */
		4559874E20214E860042C5F0 /* Main.storyboard */ = {
			isa = PBXVariantGroup;
			children = (
				4559874F20214E860042C5F0 /* Base */,
			);
			name = Main.storyboard;
			sourceTree = "<group>";
		};
		4559875320214E860042C5F0 /* LaunchScreen.storyboard */ = {
			isa = PBXVariantGroup;
			children = (
				4559875420214E860042C5F0 /* Base */,
			);
			name = LaunchScreen.storyboard;
			sourceTree = "<group>";
		};
/* End PBXVariantGroup section */

/* Begin XCBuildConfiguration section */
		4559876D20214E870042C5F0 /* Debug */ = {
			isa = XCBuildConfiguration;
			buildSettings = {
				ALWAYS_SEARCH_USER_PATHS = NO;
				CLANG_ANALYZER_NONNULL = YES;
				CLANG_ANALYZER_NUMBER_OBJECT_CONVERSION = YES_AGGRESSIVE;
				CLANG_CXX_LANGUAGE_STANDARD = "gnu++14";
				CLANG_CXX_LIBRARY = "libc++";
				CLANG_ENABLE_MODULES = YES;
				CLANG_ENABLE_OBJC_ARC = YES;
				CLANG_WARN_BLOCK_CAPTURE_AUTORELEASING = YES;
				CLANG_WARN_BOOL_CONVERSION = YES;
				CLANG_WARN_COMMA = YES;
				CLANG_WARN_CONSTANT_CONVERSION = YES;
				CLANG_WARN_DIRECT_OBJC_ISA_USAGE = YES_ERROR;
				CLANG_WARN_DOCUMENTATION_COMMENTS = YES;
				CLANG_WARN_EMPTY_BODY = YES;
				CLANG_WARN_ENUM_CONVERSION = YES;
				CLANG_WARN_INFINITE_RECURSION = YES;
				CLANG_WARN_INT_CONVERSION = YES;
				CLANG_WARN_NON_LITERAL_NULL_CONVERSION = YES;
				CLANG_WARN_OBJC_LITERAL_CONVERSION = YES;
				CLANG_WARN_OBJC_ROOT_CLASS = YES_ERROR;
				CLANG_WARN_RANGE_LOOP_ANALYSIS = YES;
				CLANG_WARN_STRICT_PROTOTYPES = YES;
				CLANG_WARN_SUSPICIOUS_MOVE = YES;
				CLANG_WARN_UNGUARDED_AVAILABILITY = YES_AGGRESSIVE;
				CLANG_WARN_UNREACHABLE_CODE = YES;
				CLANG_WARN__DUPLICATE_METHOD_MATCH = YES;
				CODE_SIGN_IDENTITY = "iPhone Developer";
				COPY_PHASE_STRIP = NO;
				DEBUG_INFORMATION_FORMAT = dwarf;
				ENABLE_STRICT_OBJC_MSGSEND = YES;
				ENABLE_TESTABILITY = YES;
				GCC_C_LANGUAGE_STANDARD = gnu11;
				GCC_DYNAMIC_NO_PIC = NO;
				GCC_NO_COMMON_BLOCKS = YES;
				GCC_OPTIMIZATION_LEVEL = 0;
				GCC_PREPROCESSOR_DEFINITIONS = (
					"DEBUG=1",
					"$(inherited)",
				);
				GCC_WARN_64_TO_32_BIT_CONVERSION = YES;
				GCC_WARN_ABOUT_RETURN_TYPE = YES_ERROR;
				GCC_WARN_UNDECLARED_SELECTOR = YES;
				GCC_WARN_UNINITIALIZED_AUTOS = YES_AGGRESSIVE;
				GCC_WARN_UNUSED_FUNCTION = YES;
				GCC_WARN_UNUSED_VARIABLE = YES;
				IPHONEOS_DEPLOYMENT_TARGET = 11.2;
				MTL_ENABLE_DEBUG_INFO = YES;
				ONLY_ACTIVE_ARCH = YES;
				SDKROOT = iphoneos;
				SWIFT_ACTIVE_COMPILATION_CONDITIONS = DEBUG;
				SWIFT_OPTIMIZATION_LEVEL = "-Onone";
			};
			name = Debug;
		};
		4559876E20214E870042C5F0 /* Release */ = {
			isa = XCBuildConfiguration;
			buildSettings = {
				ALWAYS_SEARCH_USER_PATHS = NO;
				CLANG_ANALYZER_NONNULL = YES;
				CLANG_ANALYZER_NUMBER_OBJECT_CONVERSION = YES_AGGRESSIVE;
				CLANG_CXX_LANGUAGE_STANDARD = "gnu++14";
				CLANG_CXX_LIBRARY = "libc++";
				CLANG_ENABLE_MODULES = YES;
				CLANG_ENABLE_OBJC_ARC = YES;
				CLANG_WARN_BLOCK_CAPTURE_AUTORELEASING = YES;
				CLANG_WARN_BOOL_CONVERSION = YES;
				CLANG_WARN_COMMA = YES;
				CLANG_WARN_CONSTANT_CONVERSION = YES;
				CLANG_WARN_DIRECT_OBJC_ISA_USAGE = YES_ERROR;
				CLANG_WARN_DOCUMENTATION_COMMENTS = YES;
				CLANG_WARN_EMPTY_BODY = YES;
				CLANG_WARN_ENUM_CONVERSION = YES;
				CLANG_WARN_INFINITE_RECURSION = YES;
				CLANG_WARN_INT_CONVERSION = YES;
				CLANG_WARN_NON_LITERAL_NULL_CONVERSION = YES;
				CLANG_WARN_OBJC_LITERAL_CONVERSION = YES;
				CLANG_WARN_OBJC_ROOT_CLASS = YES_ERROR;
				CLANG_WARN_RANGE_LOOP_ANALYSIS = YES;
				CLANG_WARN_STRICT_PROTOTYPES = YES;
				CLANG_WARN_SUSPICIOUS_MOVE = YES;
				CLANG_WARN_UNGUARDED_AVAILABILITY = YES_AGGRESSIVE;
				CLANG_WARN_UNREACHABLE_CODE = YES;
				CLANG_WARN__DUPLICATE_METHOD_MATCH = YES;
				CODE_SIGN_IDENTITY = "iPhone Developer";
				COPY_PHASE_STRIP = NO;
				DEBUG_INFORMATION_FORMAT = "dwarf-with-dsym";
				ENABLE_NS_ASSERTIONS = NO;
				ENABLE_STRICT_OBJC_MSGSEND = YES;
				GCC_C_LANGUAGE_STANDARD = gnu11;
				GCC_NO_COMMON_BLOCKS = YES;
				GCC_WARN_64_TO_32_BIT_CONVERSION = YES;
				GCC_WARN_ABOUT_RETURN_TYPE = YES_ERROR;
				GCC_WARN_UNDECLARED_SELECTOR = YES;
				GCC_WARN_UNINITIALIZED_AUTOS = YES_AGGRESSIVE;
				GCC_WARN_UNUSED_FUNCTION = YES;
				GCC_WARN_UNUSED_VARIABLE = YES;
				IPHONEOS_DEPLOYMENT_TARGET = 11.2;
				MTL_ENABLE_DEBUG_INFO = NO;
				SDKROOT = iphoneos;
				SWIFT_OPTIMIZATION_LEVEL = "-Owholemodule";
				VALIDATE_PRODUCT = YES;
			};
			name = Release;
		};
		4559877020214E870042C5F0 /* Debug */ = {
			isa = XCBuildConfiguration;
			baseConfigurationReference = 1CCE1444C63A9444FB3173AB /* Pods-Flix.debug.xcconfig */;
			buildSettings = {
				ASSETCATALOG_COMPILER_APPICON_NAME = AppIcon;
				CODE_SIGN_STYLE = Automatic;
				INFOPLIST_FILE = Flix/Info.plist;
				LD_RUNPATH_SEARCH_PATHS = "$(inherited) @executable_path/Frameworks";
				PRODUCT_BUNDLE_IDENTIFIER = com.codepath.Flix;
				PRODUCT_NAME = "$(TARGET_NAME)";
				SWIFT_VERSION = 4.0;
				TARGETED_DEVICE_FAMILY = "1,2";
			};
			name = Debug;
		};
		4559877120214E870042C5F0 /* Release */ = {
			isa = XCBuildConfiguration;
			baseConfigurationReference = 3DB7944C23CBE750A667738C /* Pods-Flix.release.xcconfig */;
			buildSettings = {
				ASSETCATALOG_COMPILER_APPICON_NAME = AppIcon;
				CODE_SIGN_STYLE = Automatic;
				INFOPLIST_FILE = Flix/Info.plist;
				LD_RUNPATH_SEARCH_PATHS = "$(inherited) @executable_path/Frameworks";
				PRODUCT_BUNDLE_IDENTIFIER = com.codepath.Flix;
				PRODUCT_NAME = "$(TARGET_NAME)";
				SWIFT_VERSION = 4.0;
				TARGETED_DEVICE_FAMILY = "1,2";
			};
			name = Release;
		};
		4559877320214E870042C5F0 /* Debug */ = {
			isa = XCBuildConfiguration;
			baseConfigurationReference = F572E902B23FD2D936B7D60D /* Pods-FlixTests.debug.xcconfig */;
			buildSettings = {
				ALWAYS_EMBED_SWIFT_STANDARD_LIBRARIES = YES;
				BUNDLE_LOADER = "$(TEST_HOST)";
				CODE_SIGN_STYLE = Automatic;
				INFOPLIST_FILE = FlixTests/Info.plist;
				LD_RUNPATH_SEARCH_PATHS = "$(inherited) @executable_path/Frameworks @loader_path/Frameworks";
				PRODUCT_BUNDLE_IDENTIFIER = com.codepath.FlixTests;
				PRODUCT_NAME = "$(TARGET_NAME)";
				SWIFT_VERSION = 4.0;
				TARGETED_DEVICE_FAMILY = "1,2";
				TEST_HOST = "$(BUILT_PRODUCTS_DIR)/Flix.app/Flix";
			};
			name = Debug;
		};
		4559877420214E870042C5F0 /* Release */ = {
			isa = XCBuildConfiguration;
			baseConfigurationReference = 08A5671CF557293923015484 /* Pods-FlixTests.release.xcconfig */;
			buildSettings = {
				ALWAYS_EMBED_SWIFT_STANDARD_LIBRARIES = YES;
				BUNDLE_LOADER = "$(TEST_HOST)";
				CODE_SIGN_STYLE = Automatic;
				INFOPLIST_FILE = FlixTests/Info.plist;
				LD_RUNPATH_SEARCH_PATHS = "$(inherited) @executable_path/Frameworks @loader_path/Frameworks";
				PRODUCT_BUNDLE_IDENTIFIER = com.codepath.FlixTests;
				PRODUCT_NAME = "$(TARGET_NAME)";
				SWIFT_VERSION = 4.0;
				TARGETED_DEVICE_FAMILY = "1,2";
				TEST_HOST = "$(BUILT_PRODUCTS_DIR)/Flix.app/Flix";
			};
			name = Release;
		};
		4559877620214E870042C5F0 /* Debug */ = {
			isa = XCBuildConfiguration;
			baseConfigurationReference = 6DFFD6477A1194812A6F7CE3 /* Pods-FlixUITests.debug.xcconfig */;
			buildSettings = {
				ALWAYS_EMBED_SWIFT_STANDARD_LIBRARIES = YES;
				CODE_SIGN_STYLE = Automatic;
				INFOPLIST_FILE = FlixUITests/Info.plist;
				LD_RUNPATH_SEARCH_PATHS = "$(inherited) @executable_path/Frameworks @loader_path/Frameworks";
				PRODUCT_BUNDLE_IDENTIFIER = com.codepath.FlixUITests;
				PRODUCT_NAME = "$(TARGET_NAME)";
				SWIFT_VERSION = 4.0;
				TARGETED_DEVICE_FAMILY = "1,2";
				TEST_TARGET_NAME = Flix;
			};
			name = Debug;
		};
		4559877720214E870042C5F0 /* Release */ = {
			isa = XCBuildConfiguration;
			baseConfigurationReference = B3262B775D6FB03454FCDBCD /* Pods-FlixUITests.release.xcconfig */;
			buildSettings = {
				ALWAYS_EMBED_SWIFT_STANDARD_LIBRARIES = YES;
				CODE_SIGN_STYLE = Automatic;
				INFOPLIST_FILE = FlixUITests/Info.plist;
				LD_RUNPATH_SEARCH_PATHS = "$(inherited) @executable_path/Frameworks @loader_path/Frameworks";
				PRODUCT_BUNDLE_IDENTIFIER = com.codepath.FlixUITests;
				PRODUCT_NAME = "$(TARGET_NAME)";
				SWIFT_VERSION = 4.0;
				TARGETED_DEVICE_FAMILY = "1,2";
				TEST_TARGET_NAME = Flix;
			};
			name = Release;
		};
/* End XCBuildConfiguration section */

/* Begin XCConfigurationList section */
		4559874220214E860042C5F0 /* Build configuration list for PBXProject "Flix" */ = {
			isa = XCConfigurationList;
			buildConfigurations = (
				4559876D20214E870042C5F0 /* Debug */,
				4559876E20214E870042C5F0 /* Release */,
			);
			defaultConfigurationIsVisible = 0;
			defaultConfigurationName = Release;
		};
		4559876F20214E870042C5F0 /* Build configuration list for PBXNativeTarget "Flix" */ = {
			isa = XCConfigurationList;
			buildConfigurations = (
				4559877020214E870042C5F0 /* Debug */,
				4559877120214E870042C5F0 /* Release */,
			);
			defaultConfigurationIsVisible = 0;
			defaultConfigurationName = Release;
		};
		4559877220214E870042C5F0 /* Build configuration list for PBXNativeTarget "FlixTests" */ = {
			isa = XCConfigurationList;
			buildConfigurations = (
				4559877320214E870042C5F0 /* Debug */,
				4559877420214E870042C5F0 /* Release */,
			);
			defaultConfigurationIsVisible = 0;
			defaultConfigurationName = Release;
		};
		4559877520214E870042C5F0 /* Build configuration list for PBXNativeTarget "FlixUITests" */ = {
			isa = XCConfigurationList;
			buildConfigurations = (
				4559877620214E870042C5F0 /* Debug */,
				4559877720214E870042C5F0 /* Release */,
			);
			defaultConfigurationIsVisible = 0;
			defaultConfigurationName = Release;
		};
/* End XCConfigurationList section */
	};
	rootObject = 4559873F20214E860042C5F0 /* Project object */;
}
